
Microsoft Visual Studio Solution File, Format Version 12.00
# Visual Studio Version 17
VisualStudioVersion = 17.8.34511.84
MinimumVisualStudioVersion = 10.0.40219.1
Project("{FAE04EC0-301F-11D3-BF4B-00C04F79EFBC}") = "LLVG20240312", "LLVG20240312\LLVG20240312.csproj", "{640C4298-24BF-4EAE-A064-6E4C4381E147}"
EndProject
Global
	GlobalSection(SolutionConfigurationPlatforms) = preSolution
		Debug|Any CPU = Debug|Any CPU
		Release|Any CPU = Release|Any CPU
	EndGlobalSection
	GlobalSection(ProjectConfigurationPlatforms) = postSolution
		{640C4298-24BF-4EAE-A064-6E4C4381E147}.Debug|Any CPU.ActiveCfg = Debug|Any CPU
		{640C4298-24BF-4EAE-A064-6E4C4381E147}.Debug|Any CPU.Build.0 = Debug|Any CPU
		{640C4298-24BF-4EAE-A064-6E4C4381E147}.Release|Any CPU.ActiveCfg = Release|Any CPU
		{640C4298-24BF-4EAE-A064-6E4C4381E147}.Release|Any CPU.Build.0 = Release|Any CPU
	EndGlobalSection
	GlobalSection(SolutionProperties) = preSolution
		HideSolutionNode = FALSE
	EndGlobalSection
	GlobalSection(ExtensibilityGlobals) = postSolution
		SolutionGuid = {31C18289-238A-4FDD-9533-C623969BC402}
	EndGlobalSection
EndGlobal
